{
  "name": "studyhub",
  "version": "1.0.0",
  "lockfileVersion": 3,
  "requires": true,
  "packages": {
    "": {
      "name": "studyhub",
      "version": "1.0.0",
      "license": "UNLICENSED",
      "workspaces": [
        "apps/*",
        "packages/*"
      ],
      "engines": {
        "node": ">=24.0.0",
        "npm": ">=11.0.0"
      }
    },
    "apps/admin": {
      "name": "@studyhub/admin",
      "version": "1.0.0"
    },
    "apps/api": {
      "name": "@studyhub/api",
      "version": "1.0.0"
    },
    "apps/web": {
      "name": "@studyhub/web",
      "version": "1.0.0"
    },
    "apps/worker": {
      "name": "@studyhub/worker",
      "version": "1.0.0"
    },
    "node_modules/@studyhub/admin": {
      "resolved": "apps/admin",
      "link": true
    },
    "node_modules/@studyhub/api": {
      "resolved": "apps/api",
      "link": true
    },
    "node_modules/@studyhub/config": {
      "resolved": "packages/config",
      "link": true
    },
    "node_modules/@studyhub/database": {
      "resolved": "packages/database",
      "link": true
    },
    "node_modules/@studyhub/logger": {
      "resolved": "packages/logger",
      "link": true
    },
    "node_modules/@studyhub/types": {
      "resolved": "packages/types",
      "link": true
    },
    "node_modules/@studyhub/validation": {
      "resolved": "packages/validation",
      "link": true
    },
    "node_modules/@studyhub/web": {
      "resolved": "apps/web",
      "link": true
    },
    "node_modules/@studyhub/worker": {
      "resolved": "apps/worker",
      "link": true
    },
    "packages/config": {
      "name": "@studyhub/config",
      "version": "1.0.0"
    },
    "packages/database": {
      "name": "@studyhub/database",
      "version": "1.0.0"
    },
    "packages/logger": {
      "name": "@studyhub/logger",
      "version": "1.0.0"
    },
    "packages/types": {
      "name": "@studyhub/types",
      "version": "1.0.0"
    },
    "packages/validation": {
      "name": "@studyhub/validation",
      "version": "1.0.0"
    }
  }
}
